
Microsoft Visual Studio Solution File, Format Version 12.00
# Visual Studio 15
VisualStudioVersion = 15.0.27004.2008
MinimumVisualStudioVersion = 10.0.40219.1
Project("{9A19103F-16F7-4668-BE54-9A1E7A4F7556}") = "CarDealer.Web", "CarDealer.Web\CarDealer.Web.csproj", "{DF4727FF-C6F7-4BFC-997F-6BC53E67C9BE}"
EndProject
Project("{9A19103F-16F7-4668-BE54-9A1E7A4F7556}") = "CarDealer.Data", "CarDealer.Data\CarDealer.Data.csproj", "{C6E94BB0-D207-472F-8A1A-9904F486D45E}"
EndProject
Project("{FAE04EC0-301F-11D3-BF4B-00C04F79EFBC}") = "CarDealer.Services", "CarDealer.Services\CarDealer.Services.csproj", "{6DAFECE7-9ED9-4A8C-B5BB-FE47BD8F661F}"
EndProject
Global
	GlobalSection(SolutionConfigurationPlatforms) = preSolution
		Debug|Any CPU = Debug|Any CPU
		Release|Any CPU = Release|Any CPU
	EndGlobalSection
	GlobalSection(ProjectConfigurationPlatforms) = postSolution
		{DF4727FF-C6F7-4BFC-997F-6BC53E67C9BE}.Debug|Any CPU.ActiveCfg = Debug|Any CPU
		{DF4727FF-C6F7-4BFC-997F-6BC53E67C9BE}.Debug|Any CPU.Build.0 = Debug|Any CPU
		{DF4727FF-C6F7-4BFC-997F-6BC53E67C9BE}.Release|Any CPU.ActiveCfg = Release|Any CPU
		{DF4727FF-C6F7-4BFC-997F-6BC53E67C9BE}.Release|Any CPU.Build.0 = Release|Any CPU
		{C6E94BB0-D207-472F-8A1A-9904F486D45E}.Debug|Any CPU.ActiveCfg = Debug|Any CPU
		{C6E94BB0-D207-472F-8A1A-9904F486D45E}.Debug|Any CPU.Build.0 = Debug|Any CPU
		{C6E94BB0-D207-472F-8A1A-9904F486D45E}.Release|Any CPU.ActiveCfg = Release|Any CPU
		{C6E94BB0-D207-472F-8A1A-9904F486D45E}.Release|Any CPU.Build.0 = Release|Any CPU
		{6DAFECE7-9ED9-4A8C-B5BB-FE47BD8F661F}.Debug|Any CPU.ActiveCfg = Debug|Any CPU
		{6DAFECE7-9ED9-4A8C-B5BB-FE47BD8F661F}.Debug|Any CPU.Build.0 = Debug|Any CPU
		{6DAFECE7-9ED9-4A8C-B5BB-FE47BD8F661F}.Release|Any CPU.ActiveCfg = Release|Any CPU
		{6DAFECE7-9ED9-4A8C-B5BB-FE47BD8F661F}.Release|Any CPU.Build.0 = Release|Any CPU
	EndGlobalSection
	GlobalSection(SolutionProperties) = preSolution
		HideSolutionNode = FALSE
	EndGlobalSection
	GlobalSection(ExtensibilityGlobals) = postSolution
		SolutionGuid = {7F10A422-4EC2-4BF6-95DA-3D3C9A2F7FF2}
	EndGlobalSection
EndGlobal
