
Microsoft Visual Studio Solution File, Format Version 12.00
# Visual Studio 15
VisualStudioVersion = 15.0.27004.2009
MinimumVisualStudioVersion = 10.0.40219.1
Project("{9A19103F-16F7-4668-BE54-9A1E7A4F7556}") = "CameraBazaar.Web", "CameraBazaar.Web\CameraBazaar.Web.csproj", "{4A516E38-E735-4FCE-8EA7-10E4ACA9D40D}"
EndProject
Project("{9A19103F-16F7-4668-BE54-9A1E7A4F7556}") = "CameraBazaar.Data", "CameraBazaar.Data\CameraBazaar.Data.csproj", "{9CAF6D1E-BC63-4D3E-A490-CFCDDB4F636F}"
EndProject
Project("{FAE04EC0-301F-11D3-BF4B-00C04F79EFBC}") = "CameraBazaar.Services", "CameraBazaar.Services\CameraBazaar.Services.csproj", "{402423A7-2745-473D-9402-BC979279244D}"
EndProject
Global
	GlobalSection(SolutionConfigurationPlatforms) = preSolution
		Debug|Any CPU = Debug|Any CPU
		Release|Any CPU = Release|Any CPU
	EndGlobalSection
	GlobalSection(ProjectConfigurationPlatforms) = postSolution
		{4A516E38-E735-4FCE-8EA7-10E4ACA9D40D}.Debug|Any CPU.ActiveCfg = Debug|Any CPU
		{4A516E38-E735-4FCE-8EA7-10E4ACA9D40D}.Debug|Any CPU.Build.0 = Debug|Any CPU
		{4A516E38-E735-4FCE-8EA7-10E4ACA9D40D}.Release|Any CPU.ActiveCfg = Release|Any CPU
		{4A516E38-E735-4FCE-8EA7-10E4ACA9D40D}.Release|Any CPU.Build.0 = Release|Any CPU
		{9CAF6D1E-BC63-4D3E-A490-CFCDDB4F636F}.Debug|Any CPU.ActiveCfg = Debug|Any CPU
		{9CAF6D1E-BC63-4D3E-A490-CFCDDB4F636F}.Debug|Any CPU.Build.0 = Debug|Any CPU
		{9CAF6D1E-BC63-4D3E-A490-CFCDDB4F636F}.Release|Any CPU.ActiveCfg = Release|Any CPU
		{9CAF6D1E-BC63-4D3E-A490-CFCDDB4F636F}.Release|Any CPU.Build.0 = Release|Any CPU
		{402423A7-2745-473D-9402-BC979279244D}.Debug|Any CPU.ActiveCfg = Debug|Any CPU
		{402423A7-2745-473D-9402-BC979279244D}.Debug|Any CPU.Build.0 = Debug|Any CPU
		{402423A7-2745-473D-9402-BC979279244D}.Release|Any CPU.ActiveCfg = Release|Any CPU
		{402423A7-2745-473D-9402-BC979279244D}.Release|Any CPU.Build.0 = Release|Any CPU
	EndGlobalSection
	GlobalSection(SolutionProperties) = preSolution
		HideSolutionNode = FALSE
	EndGlobalSection
	GlobalSection(ExtensibilityGlobals) = postSolution
		SolutionGuid = {A4D635B9-B562-4898-A84C-EAB1B41AC71D}
	EndGlobalSection
EndGlobal
